<?xml version="1.0" encoding="utf-8"?>
<Project ToolsVersion="4.0" xmlns="http://schemas.microsoft.com/developer/msbuild/2003">
  <ItemGroup>
    <Filter Include="Source Files">
      <UniqueIdentifier>{4FC737F1-C7A5-4376-A066-2A32D752A2FF}</UniqueIdentifier>
      <Extensions>cpp;c;cc;cxx;def;odl;idl;hpj;bat;asm;asmx</Extensions>
    </Filter>
    <Filter Include="Header Files">
      <UniqueIdentifier>{93995380-89BD-4b04-88EB-625FBE52EBFB}</UniqueIdentifier>
      <Extensions>h;hh;hpp;hxx;hm;inl;inc;xsd</Extensions>
    </Filter>
    <Filter Include="Resource Files">
      <UniqueIdentifier>{67DA6AB6-F800-4c08-8B7A-83BB121AAD01}</UniqueIdentifier>
      <Extensions>rc;ico;cur;bmp;dlg;rc2;rct;bin;rgs;gif;jpg;jpeg;jpe;resx;tiff;tif;png;wav;mfcribbon-ms</Extensions>
    </Filter>
    <Filter Include="Header Files\Terrain Generation">
      <UniqueIdentifier>{9cbe036e-5095-45cd-8d5f-734229032e2b}</UniqueIdentifier>
    </Filter>
    <Filter Include="Source Files\Terrain Generation">
      <UniqueIdentifier>{591f3784-9824-41ca-b172-4ef52d0e5259}</UniqueIdentifier>
    </Filter>
    <Filter Include="Header Files\Rendering">
      <UniqueIdentifier>{359cb21c-af56-407f-8bc6-0debcdb9a317}</UniqueIdentifier>
    </Filter>
    <Filter Include="Source Files\Rendering">
      <UniqueIdentifier>{2e81b383-b9a6-45c0-b267-33574d905b4f}</UniqueIdentifier>
    </Filter>
    <Filter Include="Header Files\Utility">
      <UniqueIdentifier>{c746c4aa-11e8-4e03-8f4b-f76fc9ab92d5}</UniqueIdentifier>
    </Filter>
    <Filter Include="Source Files\Utility">
      <UniqueIdentifier>{deff0b3b-d61c-4750-90a9-95a25b697907}</UniqueIdentifier>
    </Filter>
  </ItemGroup>
  <ItemGroup>
    <ClCompile Include="Application.cpp">
      <Filter>Source Files</Filter>
    </ClCompile>
    <ClCompile Include="EntryPoint.cpp">
      <Filter>Source Files</Filter>
    </ClCompile>
    <ClCompile Include="BitmapLoader.cpp">
      <Filter>Source Files</Filter>
    </ClCompile>
    <ClCompile Include="Image.cpp">
      <Filter>Source Files</Filter>
    </ClCompile>
    <ClCompile Include="NoiseGenerator.cpp">
      <Filter>Source Files</Filter>
    </ClCompile>
    <ClCompile Include="Heightmap.cpp">
      <Filter>Source Files\Terrain Generation</Filter>
    </ClCompile>
    <ClCompile Include="HeightmapGenerator.cpp">
      <Filter>Source Files\Terrain Generation</Filter>
    </ClCompile>
    <ClCompile Include="LayeredHeightmap.cpp">
      <Filter>Source Files\Terrain Generation</Filter>
    </ClCompile>
    <ClCompile Include="LayeredHeightmapGenerator.cpp">
      <Filter>Source Files\Terrain Generation</Filter>
    </ClCompile>
    <ClCompile Include="LayeredTerrain.cpp">
      <Filter>Source Files\Terrain Generation</Filter>
    </ClCompile>
    <ClCompile Include="LayeredTerrainGenerator.cpp">
      <Filter>Source Files\Terrain Generation</Filter>
    </ClCompile>
    <ClCompile Include="Terrain.cpp">
      <Filter>Source Files\Terrain Generation</Filter>
    </ClCompile>
    <ClCompile Include="TerrainGenerator.cpp">
      <Filter>Source Files\Terrain Generation</Filter>
    </ClCompile>
    <ClCompile Include="Texture.cpp">
      <Filter>Source Files\Rendering</Filter>
    </ClCompile>
    <ClCompile Include="SimpleObject.cpp">
      <Filter>Source Files\Rendering</Filter>
    </ClCompile>
    <ClCompile Include="VertexBufferObject.cpp">
      <Filter>Source Files\Rendering</Filter>
    </ClCompile>
    <ClCompile Include="Shader.cpp">
      <Filter>Source Files\Rendering</Filter>
    </ClCompile>
    <ClCompile Include="ShaderProgram.cpp">
      <Filter>Source Files\Rendering</Filter>
    </ClCompile>
    <ClCompile Include="RenderObjectData.cpp">
      <Filter>Source Files\Rendering</Filter>
    </ClCompile>
    <ClCompile Include="RenderObjectInstance.cpp">
      <Filter>Source Files\Rendering</Filter>
    </ClCompile>
    <ClCompile Include="ShaderManager.cpp">
      <Filter>Source Files\Rendering</Filter>
    </ClCompile>
    <ClCompile Include="VertexArrayObject.cpp">
      <Filter>Source Files\Rendering</Filter>
    </ClCompile>
    <ClCompile Include="MaskGenerator.cpp">
      <Filter>Source Files\Terrain Generation</Filter>
    </ClCompile>
    <ClCompile Include="RandomHeightmapGenerator.cpp">
      <Filter>Source Files\Terrain Generation</Filter>
    </ClCompile>
    <ClCompile Include="RandomUniformInt.cpp">
      <Filter>Source Files\Utility</Filter>
    </ClCompile>
    <ClCompile Include="RandomUniformReal.cpp">
      <Filter>Source Files\Utility</Filter>
    </ClCompile>
    <ClCompile Include="RandomBinary.cpp">
      <Filter>Source Files\Utility</Filter>
    </ClCompile>
  </ItemGroup>
  <ItemGroup>
    <ClInclude Include="Application.hpp">
      <Filter>Header Files</Filter>
    </ClInclude>
    <ClInclude Include="BitmapLoader.hpp">
      <Filter>Header Files</Filter>
    </ClInclude>
    <ClInclude Include="BitshiftingUtility.hpp">
      <Filter>Header Files</Filter>
    </ClInclude>
    <ClInclude Include="Image.hpp">
      <Filter>Header Files</Filter>
    </ClInclude>
    <ClInclude Include="NoiseGenerator.hpp">
      <Filter>Header Files</Filter>
    </ClInclude>
    <ClInclude Include="Heightmap.hpp">
      <Filter>Header Files\Terrain Generation</Filter>
    </ClInclude>
    <ClInclude Include="HeightmapGenerator.hpp">
      <Filter>Header Files\Terrain Generation</Filter>
    </ClInclude>
    <ClInclude Include="LayeredHeightmap.hpp">
      <Filter>Header Files\Terrain Generation</Filter>
    </ClInclude>
    <ClInclude Include="LayeredHeightmapGenerator.hpp">
      <Filter>Header Files\Terrain Generation</Filter>
    </ClInclude>
    <ClInclude Include="LayeredTerrain.hpp">
      <Filter>Header Files\Terrain Generation</Filter>
    </ClInclude>
    <ClInclude Include="LayeredTerrainGenerator.hpp">
      <Filter>Header Files\Terrain Generation</Filter>
    </ClInclude>
    <ClInclude Include="TerrainGenerator.hpp">
      <Filter>Header Files\Terrain Generation</Filter>
    </ClInclude>
    <ClInclude Include="Terrain.hpp">
      <Filter>Header Files\Terrain Generation</Filter>
    </ClInclude>
    <ClInclude Include="HeightmapLayer.hpp">
      <Filter>Header Files\Terrain Generation</Filter>
    </ClInclude>
    <ClInclude Include="Texture.hpp">
      <Filter>Header Files\Rendering</Filter>
    </ClInclude>
    <ClInclude Include="SimpleObject.hpp">
      <Filter>Header Files\Rendering</Filter>
    </ClInclude>
    <ClInclude Include="VertexBufferObject.hpp">
      <Filter>Header Files\Rendering</Filter>
    </ClInclude>
    <ClInclude Include="Shader.hpp">
      <Filter>Header Files\Rendering</Filter>
    </ClInclude>
    <ClInclude Include="ShaderProgram.hpp">
      <Filter>Header Files\Rendering</Filter>
    </ClInclude>
    <ClInclude Include="RenderObjectData.hpp">
      <Filter>Header Files\Rendering</Filter>
    </ClInclude>
    <ClInclude Include="RenderObjectInstance.hpp">
      <Filter>Header Files\Rendering</Filter>
    </ClInclude>
    <ClInclude Include="ShaderManager.hpp">
      <Filter>Header Files\Rendering</Filter>
    </ClInclude>
    <ClInclude Include="VertexArrayObject.hpp">
      <Filter>Header Files\Rendering</Filter>
    </ClInclude>
    <ClInclude Include="MaskGenerator.hpp">
      <Filter>Header Files\Terrain Generation</Filter>
    </ClInclude>
    <ClInclude Include="RandomHeightmapGenerator.hpp">
      <Filter>Header Files\Terrain Generation</Filter>
    </ClInclude>
    <ClInclude Include="RandomUniformInt.hpp">
      <Filter>Header Files\Utility</Filter>
    </ClInclude>
    <ClInclude Include="RandomUniformReal.hpp">
      <Filter>Header Files\Utility</Filter>
    </ClInclude>
    <ClInclude Include="RandomBinary.hpp">
      <Filter>Header Files\Utility</Filter>
    </ClInclude>
  </ItemGroup>
</Project>